
Microsoft Visual Studio Solution File, Format Version 12.00
# Visual Studio Version 16
VisualStudioVersion = 16.0.29009.5
MinimumVisualStudioVersion = 10.0.40219.1
Project("{8BC9CEB8-8B4A-11D0-8D11-00A0C91BC942}") = "Presentation", "Project\Project.vcxproj", "{8FDDEF3F-CBFC-451D-98A9-98FA370DEBFB}"
EndProject
Project("{8BC9CEB8-8B4A-11D0-8D11-00A0C91BC942}") = "Models", "Models\Models.vcxproj", "{16525676-B7E3-4566-9A88-941710DC8A88}"
EndProject
Project("{2150E333-8FDC-42A3-9474-1A3956D46DE8}") = "Database", "Database", "{050AC9B0-0BA3-48AF-85E3-F3E3F0750159}"
EndProject
Project("{2150E333-8FDC-42A3-9474-1A3956D46DE8}") = "Src", "Src", "{0836F662-7187-4820-9B7F-09B1AA84F448}"
	ProjectSection(SolutionItems) = preProject
		README.md = README.md
	EndProjectSection
EndProject
Project("{2150E333-8FDC-42A3-9474-1A3956D46DE8}") = "Presentation", "Presentation", "{5D571EF2-6C0D-44C4-A77B-61676710C680}"
EndProject
Project("{2150E333-8FDC-42A3-9474-1A3956D46DE8}") = "Models", "Models", "{5D6C90AD-4CF7-4485-B62F-B60AD6EE002D}"
EndProject
Project("{8BC9CEB8-8B4A-11D0-8D11-00A0C91BC942}") = "Database", "Database\Database.vcxproj", "{72D923F3-6E62-436A-823D-FB352FE3B3C6}"
EndProject
Project("{2150E333-8FDC-42A3-9474-1A3956D46DE8}") = "Files", "Files", "{A3919F4B-8998-48F5-BA8C-2C1A4775DE4C}"
	ProjectSection(SolutionItems) = preProject
		Project\Context.xd = Project\Context.xd
		Project\savefile.sav = Project\savefile.sav
	EndProjectSection
EndProject
Global
	GlobalSection(SolutionConfigurationPlatforms) = preSolution
		Debug|x64 = Debug|x64
		Debug|x86 = Debug|x86
		Release|x64 = Release|x64
		Release|x86 = Release|x86
	EndGlobalSection
	GlobalSection(ProjectConfigurationPlatforms) = postSolution
		{8FDDEF3F-CBFC-451D-98A9-98FA370DEBFB}.Debug|x64.ActiveCfg = Debug|x64
		{8FDDEF3F-CBFC-451D-98A9-98FA370DEBFB}.Debug|x64.Build.0 = Debug|x64
		{8FDDEF3F-CBFC-451D-98A9-98FA370DEBFB}.Debug|x86.ActiveCfg = Debug|Win32
		{8FDDEF3F-CBFC-451D-98A9-98FA370DEBFB}.Debug|x86.Build.0 = Debug|Win32
		{8FDDEF3F-CBFC-451D-98A9-98FA370DEBFB}.Release|x64.ActiveCfg = Release|x64
		{8FDDEF3F-CBFC-451D-98A9-98FA370DEBFB}.Release|x64.Build.0 = Release|x64
		{8FDDEF3F-CBFC-451D-98A9-98FA370DEBFB}.Release|x86.ActiveCfg = Release|Win32
		{8FDDEF3F-CBFC-451D-98A9-98FA370DEBFB}.Release|x86.Build.0 = Release|Win32
		{16525676-B7E3-4566-9A88-941710DC8A88}.Debug|x64.ActiveCfg = Debug|x64
		{16525676-B7E3-4566-9A88-941710DC8A88}.Debug|x64.Build.0 = Debug|x64
		{16525676-B7E3-4566-9A88-941710DC8A88}.Debug|x86.ActiveCfg = Debug|Win32
		{16525676-B7E3-4566-9A88-941710DC8A88}.Debug|x86.Build.0 = Debug|Win32
		{16525676-B7E3-4566-9A88-941710DC8A88}.Release|x64.ActiveCfg = Release|x64
		{16525676-B7E3-4566-9A88-941710DC8A88}.Release|x64.Build.0 = Release|x64
		{16525676-B7E3-4566-9A88-941710DC8A88}.Release|x86.ActiveCfg = Release|Win32
		{16525676-B7E3-4566-9A88-941710DC8A88}.Release|x86.Build.0 = Release|Win32
		{72D923F3-6E62-436A-823D-FB352FE3B3C6}.Debug|x64.ActiveCfg = Debug|x64
		{72D923F3-6E62-436A-823D-FB352FE3B3C6}.Debug|x64.Build.0 = Debug|x64
		{72D923F3-6E62-436A-823D-FB352FE3B3C6}.Debug|x86.ActiveCfg = Debug|Win32
		{72D923F3-6E62-436A-823D-FB352FE3B3C6}.Debug|x86.Build.0 = Debug|Win32
		{72D923F3-6E62-436A-823D-FB352FE3B3C6}.Release|x64.ActiveCfg = Release|x64
		{72D923F3-6E62-436A-823D-FB352FE3B3C6}.Release|x64.Build.0 = Release|x64
		{72D923F3-6E62-436A-823D-FB352FE3B3C6}.Release|x86.ActiveCfg = Release|Win32
		{72D923F3-6E62-436A-823D-FB352FE3B3C6}.Release|x86.Build.0 = Release|Win32
	EndGlobalSection
	GlobalSection(SolutionProperties) = preSolution
		HideSolutionNode = FALSE
	EndGlobalSection
	GlobalSection(NestedProjects) = preSolution
		{8FDDEF3F-CBFC-451D-98A9-98FA370DEBFB} = {5D571EF2-6C0D-44C4-A77B-61676710C680}
		{16525676-B7E3-4566-9A88-941710DC8A88} = {5D6C90AD-4CF7-4485-B62F-B60AD6EE002D}
		{050AC9B0-0BA3-48AF-85E3-F3E3F0750159} = {0836F662-7187-4820-9B7F-09B1AA84F448}
		{5D571EF2-6C0D-44C4-A77B-61676710C680} = {0836F662-7187-4820-9B7F-09B1AA84F448}
		{5D6C90AD-4CF7-4485-B62F-B60AD6EE002D} = {0836F662-7187-4820-9B7F-09B1AA84F448}
		{72D923F3-6E62-436A-823D-FB352FE3B3C6} = {050AC9B0-0BA3-48AF-85E3-F3E3F0750159}
		{A3919F4B-8998-48F5-BA8C-2C1A4775DE4C} = {0836F662-7187-4820-9B7F-09B1AA84F448}
	EndGlobalSection
	GlobalSection(ExtensibilityGlobals) = postSolution
		SolutionGuid = {253BAE40-A1B8-435E-A151-92485C5AB675}
	EndGlobalSection
EndGlobal
