<?xml version="1.0" encoding="utf-8"?>
<Project ToolsVersion="4.0" xmlns="http://schemas.microsoft.com/developer/msbuild/2003">
  <ItemGroup>
    <Filter Include="Interfaces">
      <UniqueIdentifier>{4ed346ea-5f7b-452c-9a03-f01b1e0445b5}</UniqueIdentifier>
    </Filter>
    <Filter Include="Common">
      <UniqueIdentifier>{729256ac-0995-4994-9066-dc7c3c78e7b1}</UniqueIdentifier>
    </Filter>
    <Filter Include="Classes">
      <UniqueIdentifier>{93e04ed5-0461-432e-b453-d52fc9a4c2ed}</UniqueIdentifier>
    </Filter>
  </ItemGroup>
  <ItemGroup>
    <ClInclude Include="..\Models\IFunctor.h">
      <Filter>Interfaces</Filter>
    </ClInclude>
    <ClInclude Include="..\Models\IEntity.h">
      <Filter>Interfaces</Filter>
    </ClInclude>
    <ClInclude Include="..\Models\Entity.h">
      <Filter>Classes</Filter>
    </ClInclude>
    <ClInclude Include="..\Models\Player.h">
      <Filter>Classes</Filter>
    </ClInclude>
    <ClInclude Include="..\Models\Enemy.h">
      <Filter>Classes</Filter>
    </ClInclude>
    <ClInclude Include="..\Models\Functor.h">
      <Filter>Common</Filter>
    </ClInclude>
    <ClInclude Include="..\Models\Enum.h">
      <Filter>Common</Filter>
    </ClInclude>
    <ClInclude Include="..\Models\IPlayerService.h">
      <Filter>Interfaces</Filter>
    </ClInclude>
    <ClInclude Include="Lambdas.h">
      <Filter>Common</Filter>
    </ClInclude>
  </ItemGroup>
</Project>